version: 6
environments:
  default:
    channels:
    - url: https://conda.anaconda.org/conda-forge/
    packages:
      osx-arm64:
      - conda: https://conda.anaconda.org/conda-forge/noarch/annotated-types-0.7.0-pyhd8ed1ab_1.conda
      - conda: https://conda.anaconda.org/conda-forge/noarch/anyio-4.9.0-pyh29332c3_0.conda
      - conda: https://conda.anaconda.org/conda-forge/noarch/authlib-1.6.1-pyhd8ed1ab_0.conda
      - conda: https://conda.anaconda.org/conda-forge/osx-arm64/brotli-python-1.1.0-py313h928ef07_3.conda
      - conda: https://conda.anaconda.org/conda-forge/osx-arm64/bzip2-1.0.8-h99b78c6_7.conda
      - conda: https://conda.anaconda.org/conda-forge/noarch/ca-certificates-2025.7.14-hbd8a1cb_0.conda
      - conda: https://conda.anaconda.org/conda-forge/noarch/certifi-2025.7.14-pyhd8ed1ab_0.conda
      - conda: https://conda.anaconda.org/conda-forge/osx-arm64/cffi-1.17.1-py313hc845a76_0.conda
      - conda: https://conda.anaconda.org/conda-forge/noarch/charset-normalizer-3.4.2-pyhd8ed1ab_0.conda
      - conda: https://conda.anaconda.org/conda-forge/noarch/click-8.2.1-pyh707e725_0.conda
      - conda: https://conda.anaconda.org/conda-forge/osx-arm64/cryptography-45.0.5-py313h54e0d97_0.conda
      - conda: https://conda.anaconda.org/conda-forge/osx-arm64/cyrus-sasl-2.1.28-ha1cbb27_0.conda
      - conda: https://conda.anaconda.org/conda-forge/noarch/dnspython-2.7.0-pyhff2d567_1.conda
      - conda: https://conda.anaconda.org/conda-forge/noarch/email-validator-2.2.0-pyhd8ed1ab_1.conda
      - conda: https://conda.anaconda.org/conda-forge/noarch/email_validator-2.2.0-hd8ed1ab_1.conda
      - conda: https://conda.anaconda.org/conda-forge/noarch/exceptiongroup-1.3.0-pyhd8ed1ab_0.conda
      - conda: https://conda.anaconda.org/conda-forge/noarch/fastapi-0.116.1-h26c32bb_1.conda
      - conda: https://conda.anaconda.org/conda-forge/noarch/fastapi-cli-0.0.8-pyhd8ed1ab_0.conda
      - conda: https://conda.anaconda.org/conda-forge/noarch/fastapi-core-0.116.1-pyhe01879c_1.conda
      - conda: https://conda.anaconda.org/conda-forge/osx-arm64/greenlet-3.2.3-py313h928ef07_0.conda
      - conda: https://conda.anaconda.org/conda-forge/noarch/h11-0.16.0-pyhd8ed1ab_0.conda
      - conda: https://conda.anaconda.org/conda-forge/noarch/h2-4.2.0-pyhd8ed1ab_0.conda
      - conda: https://conda.anaconda.org/conda-forge/noarch/hpack-4.1.0-pyhd8ed1ab_0.conda
      - conda: https://conda.anaconda.org/conda-forge/noarch/httpcore-1.0.9-pyh29332c3_0.conda
      - conda: https://conda.anaconda.org/conda-forge/osx-arm64/httptools-0.6.4-py313h90d716c_0.conda
      - conda: https://conda.anaconda.org/conda-forge/noarch/httpx-0.28.1-pyhd8ed1ab_0.conda
      - conda: https://conda.anaconda.org/conda-forge/noarch/hyperframe-6.1.0-pyhd8ed1ab_0.conda
      - conda: https://conda.anaconda.org/conda-forge/osx-arm64/icu-75.1-hfee45f7_0.conda
      - conda: https://conda.anaconda.org/conda-forge/noarch/idna-3.10-pyhd8ed1ab_1.conda
      - conda: https://conda.anaconda.org/conda-forge/noarch/itsdangerous-2.2.0-pyhd8ed1ab_1.conda
      - conda: https://conda.anaconda.org/conda-forge/noarch/jinja2-3.1.6-pyhd8ed1ab_0.conda
      - conda: https://conda.anaconda.org/conda-forge/osx-arm64/krb5-1.21.3-h237132a_0.conda
      - conda: https://conda.anaconda.org/conda-forge/osx-arm64/libcxx-20.1.8-hf598326_1.conda
      - conda: https://conda.anaconda.org/conda-forge/osx-arm64/libedit-3.1.20250104-pl5321hafb1f1b_0.conda
      - conda: https://conda.anaconda.org/conda-forge/osx-arm64/libexpat-2.7.1-hec049ff_0.conda
      - conda: https://conda.anaconda.org/conda-forge/osx-arm64/libffi-3.4.6-h1da3d7d_1.conda
      - conda: https://conda.anaconda.org/conda-forge/osx-arm64/liblzma-5.8.1-h39f12f2_2.conda
      - conda: https://conda.anaconda.org/conda-forge/osx-arm64/libmpdec-4.0.0-h5505292_0.conda
      - conda: https://conda.anaconda.org/conda-forge/osx-arm64/libntlm-1.8-h5505292_0.conda
      - conda: https://conda.anaconda.org/conda-forge/osx-arm64/libpq-17.5-h6896619_0.conda
      - conda: https://conda.anaconda.org/conda-forge/osx-arm64/libsqlite-3.50.3-h4237e3c_1.conda
      - conda: https://conda.anaconda.org/conda-forge/osx-arm64/libuv-1.51.0-h5505292_0.conda
      - conda: https://conda.anaconda.org/conda-forge/osx-arm64/libzlib-1.3.1-h8359307_2.conda
      - conda: https://conda.anaconda.org/conda-forge/noarch/markdown-it-py-3.0.0-pyhd8ed1ab_1.conda
      - conda: https://conda.anaconda.org/conda-forge/osx-arm64/markupsafe-3.0.2-py313ha9b7d5b_1.conda
      - conda: https://conda.anaconda.org/conda-forge/noarch/mdurl-0.1.2-pyhd8ed1ab_1.conda
      - conda: https://conda.anaconda.org/conda-forge/osx-arm64/ncurses-6.5-h5e97a16_3.conda
      - conda: https://conda.anaconda.org/conda-forge/osx-arm64/openldap-2.6.10-hbe55e7a_0.conda
      - conda: https://conda.anaconda.org/conda-forge/osx-arm64/openssl-3.5.1-h81ee809_0.conda
      - conda: https://conda.anaconda.org/conda-forge/osx-arm64/psycopg2-2.9.10-py313h3186b5d_1.conda
      - conda: https://conda.anaconda.org/conda-forge/noarch/psycopg2-binary-2.9.10-pyhd8ed1ab_1.conda
      - conda: https://conda.anaconda.org/conda-forge/noarch/pycparser-2.22-pyh29332c3_1.conda
      - conda: https://conda.anaconda.org/conda-forge/noarch/pydantic-2.11.7-pyh3cfb1c2_0.conda
      - conda: https://conda.anaconda.org/conda-forge/osx-arm64/pydantic-core-2.33.2-py313hf3ab51e_0.conda
      - conda: https://conda.anaconda.org/conda-forge/noarch/pygments-2.19.2-pyhd8ed1ab_0.conda
      - conda: https://conda.anaconda.org/conda-forge/noarch/pysocks-1.7.1-pyha55dd90_7.conda
      - conda: https://conda.anaconda.org/conda-forge/osx-arm64/python-3.13.5-hf3f3da0_102_cp313.conda
      - conda: https://conda.anaconda.org/conda-forge/noarch/python-dotenv-1.1.1-pyhe01879c_0.conda
      - conda: https://conda.anaconda.org/conda-forge/noarch/python-multipart-0.0.20-pyhff2d567_0.conda
      - conda: https://conda.anaconda.org/conda-forge/noarch/python_abi-3.13-8_cp313.conda
      - conda: https://conda.anaconda.org/conda-forge/osx-arm64/pyyaml-6.0.2-py313ha9b7d5b_2.conda
      - conda: https://conda.anaconda.org/conda-forge/osx-arm64/readline-8.2-h1d1bf99_2.conda
      - conda: https://conda.anaconda.org/conda-forge/noarch/requests-2.32.4-pyhd8ed1ab_0.conda
      - conda: https://conda.anaconda.org/conda-forge/noarch/rich-14.1.0-pyhe01879c_0.conda
      - conda: https://conda.anaconda.org/conda-forge/noarch/rich-toolkit-0.14.8-pyhe01879c_0.conda
      - conda: https://conda.anaconda.org/conda-forge/noarch/shellingham-1.5.4-pyhd8ed1ab_1.conda
      - conda: https://conda.anaconda.org/conda-forge/noarch/sniffio-1.3.1-pyhd8ed1ab_1.conda
      - conda: https://conda.anaconda.org/conda-forge/osx-arm64/sqlalchemy-2.0.41-py313h90d716c_0.conda
      - conda: https://conda.anaconda.org/conda-forge/noarch/starlette-0.47.2-pyh82d4cca_0.conda
      - conda: https://conda.anaconda.org/conda-forge/osx-arm64/tk-8.6.13-h892fb3f_2.conda
      - conda: https://conda.anaconda.org/conda-forge/noarch/typer-0.16.0-pyh167b9f4_0.conda
      - conda: https://conda.anaconda.org/conda-forge/noarch/typer-slim-0.16.0-pyhe01879c_0.conda
      - conda: https://conda.anaconda.org/conda-forge/noarch/typer-slim-standard-0.16.0-hf964461_0.conda
      - conda: https://conda.anaconda.org/conda-forge/noarch/typing-extensions-4.14.1-h4440ef1_0.conda
      - conda: https://conda.anaconda.org/conda-forge/noarch/typing-inspection-0.4.1-pyhd8ed1ab_0.conda
      - conda: https://conda.anaconda.org/conda-forge/noarch/typing_extensions-4.14.1-pyhe01879c_0.conda
      - conda: https://conda.anaconda.org/conda-forge/noarch/tzdata-2025b-h78e105d_0.conda
      - conda: https://conda.anaconda.org/conda-forge/noarch/urllib3-2.5.0-pyhd8ed1ab_0.conda
      - conda: https://conda.anaconda.org/conda-forge/noarch/uvicorn-0.35.0-pyh31011fe_0.conda
      - conda: https://conda.anaconda.org/conda-forge/noarch/uvicorn-standard-0.35.0-h31011fe_0.conda
      - conda: https://conda.anaconda.org/conda-forge/osx-arm64/uvloop-0.21.0-py313h63a2874_1.conda
      - conda: https://conda.anaconda.org/conda-forge/osx-arm64/watchfiles-1.1.0-py313hdde674f_0.conda
      - conda: https://conda.anaconda.org/conda-forge/osx-arm64/websockets-15.0.1-py313h5b5ffa7_1.conda
      - conda: https://conda.anaconda.org/conda-forge/osx-arm64/yaml-0.2.5-h925e9cb_3.conda
      - conda: https://conda.anaconda.org/conda-forge/osx-arm64/zstandard-0.23.0-py313h90d716c_2.conda
packages:
- conda: https://conda.anaconda.org/conda-forge/noarch/annotated-types-0.7.0-pyhd8ed1ab_1.conda
  sha256: e0ea1ba78fbb64f17062601edda82097fcf815012cf52bb704150a2668110d48
  md5: 2934f256a8acfe48f6ebb4fce6cde29c
  depends:
  - python >=3.9
  - typing-extensions >=4.0.0
  license: MIT
  license_family: MIT
  size: 18074
  timestamp: 1733247158254
- conda: https://conda.anaconda.org/conda-forge/noarch/anyio-4.9.0-pyh29332c3_0.conda
  sha256: b28e0f78bb0c7962630001e63af25a89224ff504e135a02e50d4d80b6155d386
  md5: 9749a2c77a7c40d432ea0927662d7e52
  depends:
  - exceptiongroup >=1.0.2
  - idna >=2.8
  - python >=3.9
  - sniffio >=1.1
  - typing_extensions >=4.5
  - python
  constrains:
  - trio >=0.26.1
  - uvloop >=0.21
  license: MIT
  license_family: MIT
  size: 126346
  timestamp: 1742243108743
- conda: https://conda.anaconda.org/conda-forge/noarch/authlib-1.6.1-pyhd8ed1ab_0.conda
  sha256: 3cea263d7f1721e3151204b692b2eadf14b1929f62035c7a0e12da96d70ed05f
  md5: 028ddc240d22e617b30edd1d24c4fe34
  depends:
  - cryptography
  - python >=3.9
  - requests
  license: BSD-3-Clause
  license_family: BSD
  size: 142614
  timestamp: 1753009459582
- conda: https://conda.anaconda.org/conda-forge/osx-arm64/brotli-python-1.1.0-py313h928ef07_3.conda
  sha256: 0f2f3c7b3f6a19a27b2878b58bfd16af69cea90d0d3052a2a0b4e0a2cbede8f9
  md5: 3030bcec50cc407b596f9311eeaa611f
  depends:
  - __osx >=11.0
  - libcxx >=18
  - python >=3.13,<3.14.0a0
  - python >=3.13,<3.14.0a0 *_cp313
  - python_abi 3.13.* *_cp313
  constrains:
  - libbrotlicommon 1.1.0 h5505292_3
  license: MIT
  license_family: MIT
  size: 338938
  timestamp: 1749230456550
- conda: https://conda.anaconda.org/conda-forge/osx-arm64/bzip2-1.0.8-h99b78c6_7.conda
  sha256: adfa71f158cbd872a36394c56c3568e6034aa55c623634b37a4836bd036e6b91
  md5: fc6948412dbbbe9a4c9ddbbcfe0a79ab
  depends:
  - __osx >=11.0
  license: bzip2-1.0.6
  license_family: BSD
  size: 122909
  timestamp: 1720974522888
- conda: https://conda.anaconda.org/conda-forge/noarch/ca-certificates-2025.7.14-hbd8a1cb_0.conda
  sha256: 29defbd83c7829788358678ec996adeee252fa4d4274b7cd386c1ed73d2b201e
  md5: d16c90324aef024877d8713c0b7fea5b
  depends:
  - __unix
  license: ISC
  size: 155658
  timestamp: 1752482350666
- conda: https://conda.anaconda.org/conda-forge/noarch/certifi-2025.7.14-pyhd8ed1ab_0.conda
  sha256: f68ee5038f37620a4fb4cdd8329c9897dce80331db8c94c3ab264a26a8c70a08
  md5: 4c07624f3faefd0bb6659fb7396cfa76
  depends:
  - python >=3.9
  license: ISC
  size: 159755
  timestamp: 1752493370797
- conda: https://conda.anaconda.org/conda-forge/osx-arm64/cffi-1.17.1-py313hc845a76_0.conda
  sha256: 50650dfa70ccf12b9c4a117d7ef0b41895815bb7328d830d667a6ba3525b60e8
  md5: 6d24d5587a8615db33c961a4ca0a8034
  depends:
  - __osx >=11.0
  - libffi >=3.4,<4.0a0
  - pycparser
  - python >=3.13.0rc1,<3.14.0a0
  - python >=3.13.0rc1,<3.14.0a0 *_cp313
  - python_abi 3.13.* *_cp313
  license: MIT
  license_family: MIT
  size: 282115
  timestamp: 1725560759157
- conda: https://conda.anaconda.org/conda-forge/noarch/charset-normalizer-3.4.2-pyhd8ed1ab_0.conda
  sha256: 535ae5dcda8022e31c6dc063eb344c80804c537a5a04afba43a845fa6fa130f5
  md5: 40fe4284b8b5835a9073a645139f35af
  depends:
  - python >=3.9
  license: MIT
  license_family: MIT
  size: 50481
  timestamp: 1746214981991
- conda: https://conda.anaconda.org/conda-forge/noarch/click-8.2.1-pyh707e725_0.conda
  sha256: 8aee789c82d8fdd997840c952a586db63c6890b00e88c4fb6e80a38edd5f51c0
  md5: 94b550b8d3a614dbd326af798c7dfb40
  depends:
  - __unix
  - python >=3.10
  license: BSD-3-Clause
  license_family: BSD
  size: 87749
  timestamp: 1747811451319
- conda: https://conda.anaconda.org/conda-forge/osx-arm64/cryptography-45.0.5-py313h54e0d97_0.conda
  sha256: da47ac697299f143b17cfddaf21fb6ec359a6fa4a3b6eadc599b44d1fa49ed84
  md5: 1830e93e55e2e44a9b9968d9703e1f72
  depends:
  - __osx >=11.0
  - cffi >=1.12
  - openssl >=3.5.1,<4.0a0
  - python >=3.13,<3.14.0a0
  - python >=3.13,<3.14.0a0 *_cp313
  - python_abi 3.13.* *_cp313
  constrains:
  - __osx >=11.0
  license: Apache-2.0 AND BSD-3-Clause AND PSF-2.0 AND MIT
  license_family: BSD
  size: 1530021
  timestamp: 1751491562443
- conda: https://conda.anaconda.org/conda-forge/osx-arm64/cyrus-sasl-2.1.28-ha1cbb27_0.conda
  sha256: 7de03254fa5421e7ec2347c830a59530fb5356022ee0dc26ec1cef0be1de0911
  md5: 2867ea6551e97e53a81787fd967162b1
  depends:
  - __osx >=11.0
  - krb5 >=1.21.3,<1.22.0a0
  - libcxx >=18
  - libntlm >=1.8,<2.0a0
  - openssl >=3.5.0,<4.0a0
  license: BSD-3-Clause-Attribution
  license_family: BSD
  size: 193732
  timestamp: 1750239236574
- conda: https://conda.anaconda.org/conda-forge/noarch/dnspython-2.7.0-pyhff2d567_1.conda
  sha256: 3ec40ccf63f2450c5e6c7dd579e42fc2e97caf0d8cd4ba24aa434e6fc264eda0
  md5: 5fbd60d61d21b4bd2f9d7a48fe100418
  depends:
  - python >=3.9,<4.0.0
  - sniffio
  constrains:
  - aioquic >=1.0.0
  - wmi >=1.5.1
  - httpx >=0.26.0
  - trio >=0.23
  - cryptography >=43
  - httpcore >=1.0.0
  - idna >=3.7
  - h2 >=4.1.0
  license: ISC
  license_family: OTHER
  size: 172172
  timestamp: 1733256829961
- conda: https://conda.anaconda.org/conda-forge/noarch/email-validator-2.2.0-pyhd8ed1ab_1.conda
  sha256: b91a19eb78edfc2dbb36de9a67f74ee2416f1b5273dd7327abe53f2dbf864736
  md5: da16dd3b0b71339060cd44cb7110ddf9
  depends:
  - dnspython >=2.0.0
  - idna >=2.0.0
  - python >=3.9
  license: Unlicense
  size: 44401
  timestamp: 1733300827551
- conda: https://conda.anaconda.org/conda-forge/noarch/email_validator-2.2.0-hd8ed1ab_1.conda
  sha256: e0d0fdf587aa0ed0ff08b2bce3ab355f46687b87b0775bfba01cc80a859ee6a2
  md5: 0794f8807ff2c6f020422cacb1bd7bfa
  depends:
  - email-validator >=2.2.0,<2.2.1.0a0
  license: Unlicense
  size: 6552
  timestamp: 1733300828176
- conda: https://conda.anaconda.org/conda-forge/noarch/exceptiongroup-1.3.0-pyhd8ed1ab_0.conda
  sha256: ce61f4f99401a4bd455b89909153b40b9c823276aefcbb06f2044618696009ca
  md5: 72e42d28960d875c7654614f8b50939a
  depends:
  - python >=3.9
  - typing_extensions >=4.6.0
  license: MIT and PSF-2.0
  size: 21284
  timestamp: 1746947398083
- conda: https://conda.anaconda.org/conda-forge/noarch/fastapi-0.116.1-h26c32bb_1.conda
  sha256: 17c3c3cfe254932feefe6e56e528ec012afd6a95c048cef4c4231d9075c47f85
  md5: 78152786477103630cd4b807569b8881
  depends:
  - fastapi-core ==0.116.1 pyhe01879c_1
  - email_validator
  - fastapi-cli
  - httpx
  - jinja2
  - python-multipart
  - uvicorn-standard
  license: MIT
  license_family: MIT
  size: 4777
  timestamp: 1752617909224
- conda: https://conda.anaconda.org/conda-forge/noarch/fastapi-cli-0.0.8-pyhd8ed1ab_0.conda
  sha256: 71bfe707fa15af98e62d1023a6f3a670b006cf22ee970f227478ebd2cccca092
  md5: 7b4fa933822891d1ce36e3dda98e0e38
  depends:
  - python >=3.9
  - rich-toolkit >=0.14.8
  - typer >=0.15.1
  - uvicorn >=0.15.0
  - uvicorn-standard >=0.15.0
  license: MIT
  license_family: MIT
  size: 16130
  timestamp: 1751972177481
- conda: https://conda.anaconda.org/conda-forge/noarch/fastapi-core-0.116.1-pyhe01879c_1.conda
  sha256: 7899a37f817ed589b69e3a75cb8ea144539fd5b3f0e69d0e2d9180085c852c4e
  md5: 5553f4b6a3ee438149fdcfbdbb1c32ee
  depends:
  - python >=3.9
  - starlette >=0.40.0,<0.48.0
  - typing_extensions >=4.8.0
  - pydantic >=1.7.4,!=1.8,!=1.8.1,!=2.0.0,!=2.0.1,!=2.1.0,<3.0.0
  - python
  constrains:
  - email_validator >=2.0.0
  - fastapi-cli >=0.0.8
  - httpx >=0.23.0
  - jinja2 >=3.1.5
  - python-multipart >=0.0.18
  - uvicorn-standard >=0.12.0
  license: MIT
  license_family: MIT
  size: 79205
  timestamp: 1752617909224
- conda: https://conda.anaconda.org/conda-forge/osx-arm64/greenlet-3.2.3-py313h928ef07_0.conda
  sha256: a9ab498db96673a7a53d18a3f019346890166bdc5cf4629620e7758cad801bcd
  md5: 1d54bf7d970e7e74627d5745b7dbdfe3
  depends:
  - __osx >=11.0
  - libcxx >=18
  - python >=3.13,<3.14.0a0
  - python >=3.13,<3.14.0a0 *_cp313
  - python_abi 3.13.* *_cp313
  license: MIT
  license_family: MIT
  size: 232766
  timestamp: 1749160430446
- conda: https://conda.anaconda.org/conda-forge/noarch/h11-0.16.0-pyhd8ed1ab_0.conda
  sha256: f64b68148c478c3bfc8f8d519541de7d2616bf59d44485a5271041d40c061887
  md5: 4b69232755285701bc86a5afe4d9933a
  depends:
  - python >=3.9
  - typing_extensions
  license: MIT
  license_family: MIT
  size: 37697
  timestamp: 1745526482242
- conda: https://conda.anaconda.org/conda-forge/noarch/h2-4.2.0-pyhd8ed1ab_0.conda
  sha256: 0aa1cdc67a9fe75ea95b5644b734a756200d6ec9d0dff66530aec3d1c1e9df75
  md5: b4754fb1bdcb70c8fd54f918301582c6
  depends:
  - hpack >=4.1,<5
  - hyperframe >=6.1,<7
  - python >=3.9
  license: MIT
  license_family: MIT
  size: 53888
  timestamp: 1738578623567
- conda: https://conda.anaconda.org/conda-forge/noarch/hpack-4.1.0-pyhd8ed1ab_0.conda
  sha256: 6ad78a180576c706aabeb5b4c8ceb97c0cb25f1e112d76495bff23e3779948ba
  md5: 0a802cb9888dd14eeefc611f05c40b6e
  depends:
  - python >=3.9
  license: MIT
  license_family: MIT
  size: 30731
  timestamp: 1737618390337
- conda: https://conda.anaconda.org/conda-forge/noarch/httpcore-1.0.9-pyh29332c3_0.conda
  sha256: 04d49cb3c42714ce533a8553986e1642d0549a05dc5cc48e0d43ff5be6679a5b
  md5: 4f14640d58e2cc0aa0819d9d8ba125bb
  depends:
  - python >=3.9
  - h11 >=0.16
  - h2 >=3,<5
  - sniffio 1.*
  - anyio >=4.0,<5.0
  - certifi
  - python
  license: BSD-3-Clause
  license_family: BSD
  size: 49483
  timestamp: 1745602916758
- conda: https://conda.anaconda.org/conda-forge/osx-arm64/httptools-0.6.4-py313h90d716c_0.conda
  sha256: 2915038c5214ee92f950b6bc5e850c03708f28a6560a61548fdf71be09012f9f
  md5: 67db1563495ab188c3c5d378d6992587
  depends:
  - __osx >=11.0
  - python >=3.13,<3.14.0a0
  - python >=3.13,<3.14.0a0 *_cp313
  - python_abi 3.13.* *_cp313
  license: MIT
  license_family: MIT
  size: 84681
  timestamp: 1732707974026
- conda: https://conda.anaconda.org/conda-forge/noarch/httpx-0.28.1-pyhd8ed1ab_0.conda
  sha256: cd0f1de3697b252df95f98383e9edb1d00386bfdd03fdf607fa42fe5fcb09950
  md5: d6989ead454181f4f9bc987d3dc4e285
  depends:
  - anyio
  - certifi
  - httpcore 1.*
  - idna
  - python >=3.9
  license: BSD-3-Clause
  license_family: BSD
  size: 63082
  timestamp: 1733663449209
- conda: https://conda.anaconda.org/conda-forge/noarch/hyperframe-6.1.0-pyhd8ed1ab_0.conda
  sha256: 77af6f5fe8b62ca07d09ac60127a30d9069fdc3c68d6b256754d0ffb1f7779f8
  md5: 8e6923fc12f1fe8f8c4e5c9f343256ac
  depends:
  - python >=3.9
  license: MIT
  license_family: MIT
  size: 17397
  timestamp: 1737618427549
- conda: https://conda.anaconda.org/conda-forge/osx-arm64/icu-75.1-hfee45f7_0.conda
  sha256: 9ba12c93406f3df5ab0a43db8a4b4ef67a5871dfd401010fbe29b218b2cbe620
  md5: 5eb22c1d7b3fc4abb50d92d621583137
  depends:
  - __osx >=11.0
  license: MIT
  license_family: MIT
  size: 11857802
  timestamp: 1720853997952
- conda: https://conda.anaconda.org/conda-forge/noarch/idna-3.10-pyhd8ed1ab_1.conda
  sha256: d7a472c9fd479e2e8dcb83fb8d433fce971ea369d704ece380e876f9c3494e87
  md5: 39a4f67be3286c86d696df570b1201b7
  depends:
  - python >=3.9
  license: BSD-3-Clause
  license_family: BSD
  size: 49765
  timestamp: 1733211921194
- conda: https://conda.anaconda.org/conda-forge/noarch/itsdangerous-2.2.0-pyhd8ed1ab_1.conda
  sha256: 1684b7b16eec08efef5302ce298c606b163c18272b69a62b666fbaa61516f170
  md5: 7ac5f795c15f288984e32add616cdc59
  depends:
  - python >=3.9
  license: BSD-3-Clause
  license_family: BSD
  size: 19180
  timestamp: 1733308353037
- conda: https://conda.anaconda.org/conda-forge/noarch/jinja2-3.1.6-pyhd8ed1ab_0.conda
  sha256: f1ac18b11637ddadc05642e8185a851c7fab5998c6f5470d716812fae943b2af
  md5: 446bd6c8cb26050d528881df495ce646
  depends:
  - markupsafe >=2.0
  - python >=3.9
  license: BSD-3-Clause
  license_family: BSD
  size: 112714
  timestamp: 1741263433881
- conda: https://conda.anaconda.org/conda-forge/osx-arm64/krb5-1.21.3-h237132a_0.conda
  sha256: 4442f957c3c77d69d9da3521268cad5d54c9033f1a73f99cde0a3658937b159b
  md5: c6dc8a0fdec13a0565936655c33069a1
  depends:
  - __osx >=11.0
  - libcxx >=16
  - libedit >=3.1.20191231,<3.2.0a0
  - libedit >=3.1.20191231,<4.0a0
  - openssl >=3.3.1,<4.0a0
  license: MIT
  license_family: MIT
  size: 1155530
  timestamp: 1719463474401
- conda: https://conda.anaconda.org/conda-forge/osx-arm64/libcxx-20.1.8-hf598326_1.conda
  sha256: 119b3ac75cb1ea29981e5053c2cb10d5f0b06fcc81b486cb7281f160daf673a1
  md5: a69ef3239d3268ef8602c7a7823fd982
  depends:
  - __osx >=11.0
  license: Apache-2.0 WITH LLVM-exception
  license_family: Apache
  size: 568267
  timestamp: 1752814881595
- conda: https://conda.anaconda.org/conda-forge/osx-arm64/libedit-3.1.20250104-pl5321hafb1f1b_0.conda
  sha256: 66aa216a403de0bb0c1340a88d1a06adaff66bae2cfd196731aa24db9859d631
  md5: 44083d2d2c2025afca315c7a172eab2b
  depends:
  - ncurses
  - __osx >=11.0
  - ncurses >=6.5,<7.0a0
  license: BSD-2-Clause
  license_family: BSD
  size: 107691
  timestamp: 1738479560845
- conda: https://conda.anaconda.org/conda-forge/osx-arm64/libexpat-2.7.1-hec049ff_0.conda
  sha256: 8fbb17a56f51e7113ed511c5787e0dec0d4b10ef9df921c4fd1cccca0458f648
  md5: b1ca5f21335782f71a8bd69bdc093f67
  depends:
  - __osx >=11.0
  constrains:
  - expat 2.7.1.*
  license: MIT
  license_family: MIT
  size: 65971
  timestamp: 1752719657566
- conda: https://conda.anaconda.org/conda-forge/osx-arm64/libffi-3.4.6-h1da3d7d_1.conda
  sha256: c6a530924a9b14e193ea9adfe92843de2a806d1b7dbfd341546ece9653129e60
  md5: c215a60c2935b517dcda8cad4705734d
  depends:
  - __osx >=11.0
  license: MIT
  license_family: MIT
  size: 39839
  timestamp: 1743434670405
- conda: https://conda.anaconda.org/conda-forge/osx-arm64/liblzma-5.8.1-h39f12f2_2.conda
  sha256: 0cb92a9e026e7bd4842f410a5c5c665c89b2eb97794ffddba519a626b8ce7285
  md5: d6df911d4564d77c4374b02552cb17d1
  depends:
  - __osx >=11.0
  constrains:
  - xz 5.8.1.*
  license: 0BSD
  size: 92286
  timestamp: 1749230283517
- conda: https://conda.anaconda.org/conda-forge/osx-arm64/libmpdec-4.0.0-h5505292_0.conda
  sha256: 0a1875fc1642324ebd6c4ac864604f3f18f57fbcf558a8264f6ced028a3c75b2
  md5: 85ccccb47823dd9f7a99d2c7f530342f
  depends:
  - __osx >=11.0
  license: BSD-2-Clause
  license_family: BSD
  size: 71829
  timestamp: 1748393749336
- conda: https://conda.anaconda.org/conda-forge/osx-arm64/libntlm-1.8-h5505292_0.conda
  sha256: ea8c680924d957e12270dca549620327d5e986f23c4bd5f45627167ca6ef7a3b
  md5: c90c1d3bd778f5ec0d4bb4ef36cbd5b6
  depends:
  - __osx >=11.0
  license: LGPL-2.1-or-later
  size: 31099
  timestamp: 1734670168822
- conda: https://conda.anaconda.org/conda-forge/osx-arm64/libpq-17.5-h6896619_0.conda
  sha256: afbb8282276224934d1fd13c32253f8b349818f6393c43f5582096f2ebae3b0e
  md5: 2fac681a36e09ee3c904fb486be1b6b8
  depends:
  - __osx >=11.0
  - icu >=75.1,<76.0a0
  - krb5 >=1.21.3,<1.22.0a0
  - openldap >=2.6.9,<2.7.0a0
  - openssl >=3.5.0,<4.0a0
  license: PostgreSQL
  size: 2502508
  timestamp: 1746744054052
- conda: https://conda.anaconda.org/conda-forge/osx-arm64/libsqlite-3.50.3-h4237e3c_1.conda
  sha256: 248ba9622ee91c3ae1266f7b69143adf5031e1f2d94b6d02423e192e47531697
  md5: 6d034f4604ac104a1256204af7d1a534
  depends:
  - __osx >=11.0
  - icu >=75.1,<76.0a0
  - libzlib >=1.3.1,<2.0a0
  license: blessing
  size: 902818
  timestamp: 1753262833682
- conda: https://conda.anaconda.org/conda-forge/osx-arm64/libuv-1.51.0-h5505292_0.conda
  sha256: 41c1230a3f4e0d265e5053c671f112a16be4405b9047d3da5581e03e9d53de65
  md5: 230a885fe67a3e945a4586b944b6020a
  depends:
  - __osx >=11.0
  license: MIT
  license_family: MIT
  size: 420654
  timestamp: 1748304893204
- conda: https://conda.anaconda.org/conda-forge/osx-arm64/libzlib-1.3.1-h8359307_2.conda
  sha256: ce34669eadaba351cd54910743e6a2261b67009624dbc7daeeafdef93616711b
  md5: 369964e85dc26bfe78f41399b366c435
  depends:
  - __osx >=11.0
  constrains:
  - zlib 1.3.1 *_2
  license: Zlib
  license_family: Other
  size: 46438
  timestamp: 1727963202283
- conda: https://conda.anaconda.org/conda-forge/noarch/markdown-it-py-3.0.0-pyhd8ed1ab_1.conda
  sha256: 0fbacdfb31e55964152b24d5567e9a9996e1e7902fb08eb7d91b5fd6ce60803a
  md5: fee3164ac23dfca50cfcc8b85ddefb81
  depends:
  - mdurl >=0.1,<1
  - python >=3.9
  license: MIT
  license_family: MIT
  size: 64430
  timestamp: 1733250550053
- conda: https://conda.anaconda.org/conda-forge/osx-arm64/markupsafe-3.0.2-py313ha9b7d5b_1.conda
  sha256: 81759af8a9872c8926af3aa59dc4986eee90a0956d1ec820b42ac4f949a71211
  md5: 3acf05d8e42ff0d99820d2d889776fff
  depends:
  - __osx >=11.0
  - python >=3.13,<3.14.0a0
  - python >=3.13,<3.14.0a0 *_cp313
  - python_abi 3.13.* *_cp313
  constrains:
  - jinja2 >=3.0.0
  license: BSD-3-Clause
  license_family: BSD
  size: 24757
  timestamp: 1733219916634
- conda: https://conda.anaconda.org/conda-forge/noarch/mdurl-0.1.2-pyhd8ed1ab_1.conda
  sha256: 78c1bbe1723449c52b7a9df1af2ee5f005209f67e40b6e1d3c7619127c43b1c7
  md5: 592132998493b3ff25fd7479396e8351
  depends:
  - python >=3.9
  license: MIT
  license_family: MIT
  size: 14465
  timestamp: 1733255681319
- conda: https://conda.anaconda.org/conda-forge/osx-arm64/ncurses-6.5-h5e97a16_3.conda
  sha256: 2827ada40e8d9ca69a153a45f7fd14f32b2ead7045d3bbb5d10964898fe65733
  md5: 068d497125e4bf8a66bf707254fff5ae
  depends:
  - __osx >=11.0
  license: X11 AND BSD-3-Clause
  size: 797030
  timestamp: 1738196177597
- conda: https://conda.anaconda.org/conda-forge/osx-arm64/openldap-2.6.10-hbe55e7a_0.conda
  sha256: 08d859836b81296c16f74336c3a9a455b23d57ce1d7c2b0b3e1b7a07f984c677
  md5: 6fd5d73c63b5d37d9196efb4f044af76
  depends:
  - __osx >=11.0
  - cyrus-sasl >=2.1.27,<3.0a0
  - krb5 >=1.21.3,<1.22.0a0
  - libcxx >=18
  - openssl >=3.5.0,<4.0a0
  license: OLDAP-2.8
  license_family: BSD
  size: 843597
  timestamp: 1748010484231
- conda: https://conda.anaconda.org/conda-forge/osx-arm64/openssl-3.5.1-h81ee809_0.conda
  sha256: f94fde0f096fa79794c8aa0a2665630bbf9026cc6438e8253f6555fc7281e5a8
  md5: a8ac77e7c7e58d43fa34d60bd4361062
  depends:
  - __osx >=11.0
  - ca-certificates
  license: Apache-2.0
  license_family: Apache
  size: 3071649
  timestamp: 1751390309393
- conda: https://conda.anaconda.org/conda-forge/osx-arm64/psycopg2-2.9.10-py313h3186b5d_1.conda
  sha256: 06f96df6633f8ebc0ebc5d0b55376784cf8d1e5cf6c9963b63ff820ce49ea46a
  md5: fed619b22f893aef262c6b6c1953a054
  depends:
  - __osx >=11.0
  - libpq >=17.5,<18.0a0
  - openssl >=3.5.0,<4.0a0
  - python >=3.13,<3.14.0a0
  - python >=3.13,<3.14.0a0 *_cp313
  - python_abi 3.13.* *_cp313
  license: LGPL-3.0-or-later
  license_family: LGPL
  size: 169719
  timestamp: 1750255782893
- conda: https://conda.anaconda.org/conda-forge/noarch/psycopg2-binary-2.9.10-pyhd8ed1ab_1.conda
  sha256: cf2c0e111b7b5259cd6d332f7fdb9e368ddba39a0460b09bbe41f227214984ea
  md5: 4b3ccd3c8d3735fb4236fbfad34f7e15
  depends:
  - psycopg2 >=2.9.10,<2.9.11.0a0
  - python >=3.9
  license: LGPL-3.0-or-later
  license_family: LGPL
  size: 10194
  timestamp: 1750255624039
- conda: https://conda.anaconda.org/conda-forge/noarch/pycparser-2.22-pyh29332c3_1.conda
  sha256: 79db7928d13fab2d892592223d7570f5061c192f27b9febd1a418427b719acc6
  md5: 12c566707c80111f9799308d9e265aef
  depends:
  - python >=3.9
  - python
  license: BSD-3-Clause
  license_family: BSD
  size: 110100
  timestamp: 1733195786147
- conda: https://conda.anaconda.org/conda-forge/noarch/pydantic-2.11.7-pyh3cfb1c2_0.conda
  sha256: ee7823e8bc227f804307169870905ce062531d36c1dcf3d431acd65c6e0bd674
  md5: 1b337e3d378cde62889bb735c024b7a2
  depends:
  - annotated-types >=0.6.0
  - pydantic-core 2.33.2
  - python >=3.9
  - typing-extensions >=4.6.1
  - typing-inspection >=0.4.0
  - typing_extensions >=4.12.2
  license: MIT
  license_family: MIT
  size: 307333
  timestamp: 1749927245525
- conda: https://conda.anaconda.org/conda-forge/osx-arm64/pydantic-core-2.33.2-py313hf3ab51e_0.conda
  sha256: a70d31e04b81df4c98821668d87089279284d2dbcc70413f791eaa60b28f42fd
  md5: 0d5685f410c4234af909cde6fac63cb0
  depends:
  - python
  - typing-extensions >=4.6.0,!=4.7.0
  - python 3.13.* *_cp313
  - __osx >=11.0
  - python_abi 3.13.* *_cp313
  constrains:
  - __osx >=11.0
  license: MIT
  license_family: MIT
  size: 1720344
  timestamp: 1746625313921
- conda: https://conda.anaconda.org/conda-forge/noarch/pygments-2.19.2-pyhd8ed1ab_0.conda
  sha256: 5577623b9f6685ece2697c6eb7511b4c9ac5fb607c9babc2646c811b428fd46a
  md5: 6b6ece66ebcae2d5f326c77ef2c5a066
  depends:
  - python >=3.9
  license: BSD-2-Clause
  license_family: BSD
  size: 889287
  timestamp: 1750615908735
- conda: https://conda.anaconda.org/conda-forge/noarch/pysocks-1.7.1-pyha55dd90_7.conda
  sha256: ba3b032fa52709ce0d9fd388f63d330a026754587a2f461117cac9ab73d8d0d8
  md5: 461219d1a5bd61342293efa2c0c90eac
  depends:
  - __unix
  - python >=3.9
  license: BSD-3-Clause
  license_family: BSD
  size: 21085
  timestamp: 1733217331982
- conda: https://conda.anaconda.org/conda-forge/osx-arm64/python-3.13.5-hf3f3da0_102_cp313.conda
  build_number: 102
  sha256: ee1b09fb5563be8509bb9b29b2b436a0af75488b5f1fa6bcd93fe0fba597d13f
  md5: 123b7f04e7b8d6fc206cf2d3466f8a4b
  depends:
  - __osx >=11.0
  - bzip2 >=1.0.8,<2.0a0
  - libexpat >=2.7.0,<3.0a0
  - libffi >=3.4.6,<3.5.0a0
  - liblzma >=5.8.1,<6.0a0
  - libmpdec >=4.0.0,<5.0a0
  - libsqlite >=3.50.1,<4.0a0
  - libzlib >=1.3.1,<2.0a0
  - ncurses >=6.5,<7.0a0
  - openssl >=3.5.0,<4.0a0
  - python_abi 3.13.* *_cp313
  - readline >=8.2,<9.0a0
  - tk >=8.6.13,<8.7.0a0
  - tzdata
  license: Python-2.0
  size: 12931515
  timestamp: 1750062475020
  python_site_packages_path: lib/python3.13/site-packages
- conda: https://conda.anaconda.org/conda-forge/noarch/python-dotenv-1.1.1-pyhe01879c_0.conda
  sha256: 9a90570085bedf4c6514bcd575456652c47918ff3d7b383349e26192a4805cc8
  md5: a245b3c04afa11e2e52a0db91550da7c
  depends:
  - python >=3.9
  - python
  license: BSD-3-Clause
  license_family: BSD
  size: 26031
  timestamp: 1750789290754
- conda: https://conda.anaconda.org/conda-forge/noarch/python-multipart-0.0.20-pyhff2d567_0.conda
  sha256: 1b03678d145b1675b757cba165a0d9803885807792f7eb4495e48a38858c3cca
  md5: a28c984e0429aff3ab7386f7de56de6f
  depends:
  - python >=3.9
  license: Apache-2.0
  license_family: Apache
  size: 27913
  timestamp: 1734420869885
- conda: https://conda.anaconda.org/conda-forge/noarch/python_abi-3.13-8_cp313.conda
  build_number: 8
  sha256: 210bffe7b121e651419cb196a2a63687b087497595c9be9d20ebe97dd06060a7
  md5: 94305520c52a4aa3f6c2b1ff6008d9f8
  constrains:
  - python 3.13.* *_cp313
  license: BSD-3-Clause
  license_family: BSD
  size: 7002
  timestamp: 1752805902938
- conda: https://conda.anaconda.org/conda-forge/osx-arm64/pyyaml-6.0.2-py313ha9b7d5b_2.conda
  sha256: 58c41b86ff2dabcf9ccd9010973b5763ec28b14030f9e1d9b371d22b538bce73
  md5: 03a7926e244802f570f25401c25c13bc
  depends:
  - __osx >=11.0
  - python >=3.13,<3.14.0a0
  - python >=3.13,<3.14.0a0 *_cp313
  - python_abi 3.13.* *_cp313
  - yaml >=0.2.5,<0.3.0a0
  license: MIT
  license_family: MIT
  size: 194243
  timestamp: 1737454911892
- conda: https://conda.anaconda.org/conda-forge/osx-arm64/readline-8.2-h1d1bf99_2.conda
  sha256: 7db04684d3904f6151eff8673270922d31da1eea7fa73254d01c437f49702e34
  md5: 63ef3f6e6d6d5c589e64f11263dc5676
  depends:
  - ncurses >=6.5,<7.0a0
  license: GPL-3.0-only
  license_family: GPL
  size: 252359
  timestamp: 1740379663071
- conda: https://conda.anaconda.org/conda-forge/noarch/requests-2.32.4-pyhd8ed1ab_0.conda
  sha256: 9866aaf7a13c6cfbe665ec7b330647a0fb10a81e6f9b8fee33642232a1920e18
  md5: f6082eae112814f1447b56a5e1f6ed05
  depends:
  - certifi >=2017.4.17
  - charset-normalizer >=2,<4
  - idna >=2.5,<4
  - python >=3.9
  - urllib3 >=1.21.1,<3
  constrains:
  - chardet >=3.0.2,<6
  license: Apache-2.0
  license_family: APACHE
  size: 59407
  timestamp: 1749498221996
- conda: https://conda.anaconda.org/conda-forge/noarch/rich-14.1.0-pyhe01879c_0.conda
  sha256: 3bda3cd6aa2ca8f266aeb8db1ec63683b4a7252d7832e8ec95788fb176d0e434
  md5: c41e49bd1f1479bed6c6300038c5466e
  depends:
  - markdown-it-py >=2.2.0
  - pygments >=2.13.0,<3.0.0
  - python >=3.9
  - typing_extensions >=4.0.0,<5.0.0
  - python
  license: MIT
  size: 201098
  timestamp: 1753436991345
- conda: https://conda.anaconda.org/conda-forge/noarch/rich-toolkit-0.14.8-pyhe01879c_0.conda
  sha256: 8968e1ce998660929fdb5fc137331c00d6eacd3af2d8fee06fe6b23d65c09c51
  md5: 72f8778f6012d165c5cab305b5a4ae92
  depends:
  - python >=3.9
  - rich >=13.7.1
  - click >=8.1.7
  - typing_extensions >=4.12.2
  - python
  license: MIT
  license_family: MIT
  size: 26262
  timestamp: 1751941286394
- conda: https://conda.anaconda.org/conda-forge/noarch/shellingham-1.5.4-pyhd8ed1ab_1.conda
  sha256: 0557c090913aa63cdbe821dbdfa038a321b488e22bc80196c4b3b1aace4914ef
  md5: 7c3c2a0f3ebdea2bbc35538d162b43bf
  depends:
  - python >=3.9
  license: MIT
  license_family: MIT
  size: 14462
  timestamp: 1733301007770
- conda: https://conda.anaconda.org/conda-forge/noarch/sniffio-1.3.1-pyhd8ed1ab_1.conda
  sha256: c2248418c310bdd1719b186796ae50a8a77ce555228b6acd32768e2543a15012
  md5: bf7a226e58dfb8346c70df36065d86c9
  depends:
  - python >=3.9
  license: Apache-2.0
  license_family: Apache
  size: 15019
  timestamp: 1733244175724
- conda: https://conda.anaconda.org/conda-forge/osx-arm64/sqlalchemy-2.0.41-py313h90d716c_0.conda
  sha256: 0d1b88e23d376342b4c37fb2401511766ccf2756c4477a85abf93ebc02ed8c2a
  md5: 41e113431a919ab77a2a7a4e76fbab80
  depends:
  - __osx >=11.0
  - greenlet !=0.4.17
  - python >=3.13,<3.14.0a0
  - python >=3.13,<3.14.0a0 *_cp313
  - python_abi 3.13.* *_cp313
  - typing-extensions >=4.6.0
  license: MIT
  license_family: MIT
  size: 3603528
  timestamp: 1747299139036
- conda: https://conda.anaconda.org/conda-forge/noarch/starlette-0.47.2-pyh82d4cca_0.conda
  sha256: 5112e37cb5fc739d5d386eae0a266f0687a6422b376d0078b41bcd8b0725b56f
  md5: e7456f20ee85cd9c13e36a7c7d7052a3
  depends:
  - anyio >=3.6.2,<5
  - python >=3.9
  - typing_extensions >=4.10.0
  - python
  license: BSD-3-Clause
  size: 63741
  timestamp: 1753374988902
- conda: https://conda.anaconda.org/conda-forge/osx-arm64/tk-8.6.13-h892fb3f_2.conda
  sha256: cb86c522576fa95c6db4c878849af0bccfd3264daf0cc40dd18e7f4a7bfced0e
  md5: 7362396c170252e7b7b0c8fb37fe9c78
  depends:
  - __osx >=11.0
  - libzlib >=1.3.1,<2.0a0
  license: TCL
  license_family: BSD
  size: 3125538
  timestamp: 1748388189063
- conda: https://conda.anaconda.org/conda-forge/noarch/typer-0.16.0-pyh167b9f4_0.conda
  sha256: 1ca70f0c0188598f9425a947afb74914a068bee4b7c4586eabb1c3b02fbf669f
  md5: 985cc086b73bda52b2f8d66dcda460a1
  depends:
  - typer-slim-standard ==0.16.0 hf964461_0
  - python >=3.9
  - python
  license: MIT
  license_family: MIT
  size: 77232
  timestamp: 1748304246569
- conda: https://conda.anaconda.org/conda-forge/noarch/typer-slim-0.16.0-pyhe01879c_0.conda
  sha256: 54f859ddf5d3216fb602f54990c3ccefc65a30d1d98c400b998e520310630df3
  md5: 0d0a6c08daccb968c8c8fa93070658e2
  depends:
  - python >=3.9
  - click >=8.0.0
  - typing_extensions >=3.7.4.3
  - python
  constrains:
  - typer 0.16.0.*
  - rich >=10.11.0
  - shellingham >=1.3.0
  license: MIT
  license_family: MIT
  size: 46798
  timestamp: 1748304246569
- conda: https://conda.anaconda.org/conda-forge/noarch/typer-slim-standard-0.16.0-hf964461_0.conda
  sha256: c35a0b232e9751ac871b733d4236eee887f64c3b1539ba86aecf175c3ac3dc02
  md5: c8fb6ddb4f5eb567d049f85b3f0c8019
  depends:
  - typer-slim ==0.16.0 pyhe01879c_0
  - rich
  - shellingham
  license: MIT
  license_family: MIT
  size: 5271
  timestamp: 1748304246569
- conda: https://conda.anaconda.org/conda-forge/noarch/typing-extensions-4.14.1-h4440ef1_0.conda
  sha256: 349951278fa8d0860ec6b61fcdc1e6f604e6fce74fabf73af2e39a37979d0223
  md5: 75be1a943e0a7f99fcf118309092c635
  depends:
  - typing_extensions ==4.14.1 pyhe01879c_0
  license: PSF-2.0
  license_family: PSF
  size: 90486
  timestamp: 1751643513473
- conda: https://conda.anaconda.org/conda-forge/noarch/typing-inspection-0.4.1-pyhd8ed1ab_0.conda
  sha256: 4259a7502aea516c762ca8f3b8291b0d4114e094bdb3baae3171ccc0900e722f
  md5: e0c3cd765dc15751ee2f0b03cd015712
  depends:
  - python >=3.9
  - typing_extensions >=4.12.0
  license: MIT
  license_family: MIT
  size: 18809
  timestamp: 1747870776989
- conda: https://conda.anaconda.org/conda-forge/noarch/typing_extensions-4.14.1-pyhe01879c_0.conda
  sha256: 4f52390e331ea8b9019b87effaebc4f80c6466d09f68453f52d5cdc2a3e1194f
  md5: e523f4f1e980ed7a4240d7e27e9ec81f
  depends:
  - python >=3.9
  - python
  license: PSF-2.0
  license_family: PSF
  size: 51065
  timestamp: 1751643513473
- conda: https://conda.anaconda.org/conda-forge/noarch/tzdata-2025b-h78e105d_0.conda
  sha256: 5aaa366385d716557e365f0a4e9c3fca43ba196872abbbe3d56bb610d131e192
  md5: 4222072737ccff51314b5ece9c7d6f5a
  license: LicenseRef-Public-Domain
  size: 122968
  timestamp: 1742727099393
- conda: https://conda.anaconda.org/conda-forge/noarch/urllib3-2.5.0-pyhd8ed1ab_0.conda
  sha256: 4fb9789154bd666ca74e428d973df81087a697dbb987775bc3198d2215f240f8
  md5: 436c165519e140cb08d246a4472a9d6a
  depends:
  - brotli-python >=1.0.9
  - h2 >=4,<5
  - pysocks >=1.5.6,<2.0,!=1.5.7
  - python >=3.9
  - zstandard >=0.18.0
  license: MIT
  license_family: MIT
  size: 101735
  timestamp: 1750271478254
- conda: https://conda.anaconda.org/conda-forge/noarch/uvicorn-0.35.0-pyh31011fe_0.conda
  sha256: bf304f72c513bead1a670326e02971c1cfe8320cf756447a45b74a2571884ad3
  md5: c7f6c7ffba6257580291ce55fb1097aa
  depends:
  - __unix
  - click >=7.0
  - h11 >=0.8
  - python >=3.9
  - typing_extensions >=4.0
  license: BSD-3-Clause
  license_family: BSD
  size: 50232
  timestamp: 1751201685083
- conda: https://conda.anaconda.org/conda-forge/noarch/uvicorn-standard-0.35.0-h31011fe_0.conda
  sha256: 4eda451999a8358ab6242f1566123541315658226deda9a2af897c0bac164ef8
  md5: 9d5422831427100c32c50e6d33217b28
  depends:
  - __unix
  - httptools >=0.6.3
  - python-dotenv >=0.13
  - pyyaml >=5.1
  - uvicorn 0.35.0 pyh31011fe_0
  - uvloop >=0.14.0,!=0.15.0,!=0.15.1
  - watchfiles >=0.13
  - websockets >=10.4
  license: BSD-3-Clause
  license_family: BSD
  size: 7647
  timestamp: 1751201685854
- conda: https://conda.anaconda.org/conda-forge/osx-arm64/uvloop-0.21.0-py313h63a2874_1.conda
  sha256: cbe2756b88bb076a52122dcce19ea465bdb1a4ecfb57f9cc21a00e934c73b32f
  md5: 7fc209a93ef04d33ffe9d372126d8db8
  depends:
  - __osx >=11.0
  - libuv >=1.49.2,<2.0a0
  - python >=3.13,<3.14.0a0
  - python >=3.13,<3.14.0a0 *_cp313
  - python_abi 3.13.* *_cp313
  license: MIT OR Apache-2.0
  size: 543651
  timestamp: 1730214744398
- conda: https://conda.anaconda.org/conda-forge/osx-arm64/watchfiles-1.1.0-py313hdde674f_0.conda
  sha256: 84b538fb6084d7ca1d0a6bdf0d5fa02218614ba0ca956fe813ca90f63540086f
  md5: e8dcf3b73be8a3819fab1a583d08a529
  depends:
  - __osx >=11.0
  - anyio >=3.0.0
  - python >=3.13,<3.14.0a0
  - python >=3.13,<3.14.0a0 *_cp313
  - python_abi 3.13.* *_cp313
  constrains:
  - __osx >=11.0
  license: MIT
  license_family: MIT
  size: 367558
  timestamp: 1750054281986
- conda: https://conda.anaconda.org/conda-forge/osx-arm64/websockets-15.0.1-py313h5b5ffa7_1.conda
  sha256: f91748d031b6bad9192d1ba8f983d1203d0ff3ef2a64645cfca3dc37e5a32113
  md5: 52510f3e13c08451c54252783caa3f65
  depends:
  - python
  - __osx >=11.0
  - python 3.13.* *_cp313
  - python_abi 3.13.* *_cp313
  license: BSD-3-Clause
  size: 367584
  timestamp: 1753458602444
- conda: https://conda.anaconda.org/conda-forge/osx-arm64/yaml-0.2.5-h925e9cb_3.conda
  sha256: b03433b13d89f5567e828ea9f1a7d5c5d697bf374c28a4168d71e9464f5dafac
  md5: 78a0fe9e9c50d2c381e8ee47e3ea437d
  depends:
  - __osx >=11.0
  license: MIT
  size: 83386
  timestamp: 1753484079473
- conda: https://conda.anaconda.org/conda-forge/osx-arm64/zstandard-0.23.0-py313h90d716c_2.conda
  sha256: 70ed0c931f9cfad3e3a75a1faf557c5fc5bf638675c6afa2fb8673e4f88fb2c5
  md5: 1f465c71f83bd92cfe9df941437dcd7c
  depends:
  - __osx >=11.0
  - cffi >=1.11
  - python >=3.13,<3.14.0a0
  - python >=3.13,<3.14.0a0 *_cp313
  - python_abi 3.13.* *_cp313
  license: BSD-3-Clause
  license_family: BSD
  size: 536612
  timestamp: 1745870248616
